
Microsoft Visual Studio Solution File, Format Version 12.00
# Visual Studio Version 17
VisualStudioVersion = 17.12.35309.182
MinimumVisualStudioVersion = 10.0.40219.1
Project("{FAE04EC0-301F-11D3-BF4B-00C04F79EFBC}") = "APP_CLIMA", "APP_CLIMA.csproj", "{78490750-CB39-44FC-AF1C-AC7849CA7DA8}"
EndProject
Global
	GlobalSection(SolutionConfigurationPlatforms) = preSolution
		Debug|Any CPU = Debug|Any CPU
		Release|Any CPU = Release|Any CPU
	EndGlobalSection
	GlobalSection(ProjectConfigurationPlatforms) = postSolution
		{78490750-CB39-44FC-AF1C-AC7849CA7DA8}.Debug|Any CPU.ActiveCfg = Debug|Any CPU
		{78490750-CB39-44FC-AF1C-AC7849CA7DA8}.Debug|Any CPU.Build.0 = Debug|Any CPU
		{78490750-CB39-44FC-AF1C-AC7849CA7DA8}.Debug|Any CPU.Deploy.0 = Debug|Any CPU
		{78490750-CB39-44FC-AF1C-AC7849CA7DA8}.Release|Any CPU.ActiveCfg = Release|Any CPU
		{78490750-CB39-44FC-AF1C-AC7849CA7DA8}.Release|Any CPU.Build.0 = Release|Any CPU
		{78490750-CB39-44FC-AF1C-AC7849CA7DA8}.Release|Any CPU.Deploy.0 = Release|Any CPU
	EndGlobalSection
	GlobalSection(SolutionProperties) = preSolution
		HideSolutionNode = FALSE
	EndGlobalSection
	GlobalSection(ExtensibilityGlobals) = postSolution
		SolutionGuid = {AE727D4B-AC36-4A80-ACD1-9AA2D5CAA1E5}
	EndGlobalSection
EndGlobal
